{
  "name": "scc-myc-shared",
  "version": "0.0.1",
  "lockfileVersion": 1,
  "requires": true,
  "dependencies": {
    "@types/node": {
      "version": "13.13.4",
      "resolved": "https://registry.npmjs.org/@types/node/-/node-13.13.4.tgz",
      "integrity": "sha512-x26ur3dSXgv5AwKS0lNfbjpCakGIduWU1DU91Zz58ONRWrIKGunmZBNv4P7N+e27sJkiGDsw/3fT4AtsqQBrBA==",
      "dev": true
    },
    "@types/uuid": {
      "version": "7.0.3",
      "resolved": "https://registry.npmjs.org/@types/uuid/-/uuid-7.0.3.tgz",
      "integrity": "sha512-PUdqTZVrNYTNcIhLHkiaYzoOIaUi5LFg/XLerAdgvwQrUCx+oSbtoBze1AMyvYbcwzUSNC+Isl58SM4Sm/6COw==",
      "dev": true
    },
    "uuid": {
      "version": "7.0.3",
      "resolved": "https://registry.npmjs.org/uuid/-/uuid-7.0.3.tgz",
      "integrity": "sha512-DPSke0pXhTZgoF/d+WSt2QaKMCFSfx7QegxEWT+JOuHF5aWrKEn0G+ztjuJg/gG8/ItK+rbPCD/yNv8yyih6Cg=="
    }
  }
}
